
Microsoft Visual Studio Solution File, Format Version 12.00
# Visual Studio Version 17
VisualStudioVersion = 17.11.35327.3
MinimumVisualStudioVersion = 10.0.40219.1
Project("{9A19103F-16F7-4668-BE54-9A1E7A4F7556}") = "FunToPlay.Domain", "FunToPlay.Domain\FunToPlay.Domain.csproj", "{C30CE8B1-4123-44B0-B69C-AA41AD3E05EE}"
EndProject
Project("{9A19103F-16F7-4668-BE54-9A1E7A4F7556}") = "FunToPlay.Application", "FunToPlay.Application\FunToPlay.Application.csproj", "{A9AA00D4-8F9D-43A2-B0C3-76569CD384A3}"
EndProject
Project("{9A19103F-16F7-4668-BE54-9A1E7A4F7556}") = "FunToPlay.Infrastructure", "FunToPlay.Infrastructure\FunToPlay.Infrastructure.csproj", "{78984109-20CC-4BC3-89CB-879A050CF2E8}"
EndProject
Project("{9A19103F-16F7-4668-BE54-9A1E7A4F7556}") = "FunToPlay.Server", "FunToPlay.Server\FunToPlay.Server.csproj", "{55924F91-A76B-4643-B179-717DD266F7DF}"
EndProject
Project("{9A19103F-16F7-4668-BE54-9A1E7A4F7556}") = "FunToPlay.Client", "FunToPlay.Client\FunToPlay.Client.csproj", "{A95C30B6-1A20-4176-9039-5D614237D35C}"
EndProject
Global
	GlobalSection(SolutionConfigurationPlatforms) = preSolution
		Debug|Any CPU = Debug|Any CPU
		Release|Any CPU = Release|Any CPU
	EndGlobalSection
	GlobalSection(ProjectConfigurationPlatforms) = postSolution
		{C30CE8B1-4123-44B0-B69C-AA41AD3E05EE}.Debug|Any CPU.ActiveCfg = Debug|Any CPU
		{C30CE8B1-4123-44B0-B69C-AA41AD3E05EE}.Debug|Any CPU.Build.0 = Debug|Any CPU
		{C30CE8B1-4123-44B0-B69C-AA41AD3E05EE}.Release|Any CPU.ActiveCfg = Release|Any CPU
		{C30CE8B1-4123-44B0-B69C-AA41AD3E05EE}.Release|Any CPU.Build.0 = Release|Any CPU
		{A9AA00D4-8F9D-43A2-B0C3-76569CD384A3}.Debug|Any CPU.ActiveCfg = Debug|Any CPU
		{A9AA00D4-8F9D-43A2-B0C3-76569CD384A3}.Debug|Any CPU.Build.0 = Debug|Any CPU
		{A9AA00D4-8F9D-43A2-B0C3-76569CD384A3}.Release|Any CPU.ActiveCfg = Release|Any CPU
		{A9AA00D4-8F9D-43A2-B0C3-76569CD384A3}.Release|Any CPU.Build.0 = Release|Any CPU
		{78984109-20CC-4BC3-89CB-879A050CF2E8}.Debug|Any CPU.ActiveCfg = Debug|Any CPU
		{78984109-20CC-4BC3-89CB-879A050CF2E8}.Debug|Any CPU.Build.0 = Debug|Any CPU
		{78984109-20CC-4BC3-89CB-879A050CF2E8}.Release|Any CPU.ActiveCfg = Release|Any CPU
		{78984109-20CC-4BC3-89CB-879A050CF2E8}.Release|Any CPU.Build.0 = Release|Any CPU
		{55924F91-A76B-4643-B179-717DD266F7DF}.Debug|Any CPU.ActiveCfg = Debug|Any CPU
		{55924F91-A76B-4643-B179-717DD266F7DF}.Debug|Any CPU.Build.0 = Debug|Any CPU
		{55924F91-A76B-4643-B179-717DD266F7DF}.Release|Any CPU.ActiveCfg = Release|Any CPU
		{55924F91-A76B-4643-B179-717DD266F7DF}.Release|Any CPU.Build.0 = Release|Any CPU
		{A95C30B6-1A20-4176-9039-5D614237D35C}.Debug|Any CPU.ActiveCfg = Debug|Any CPU
		{A95C30B6-1A20-4176-9039-5D614237D35C}.Debug|Any CPU.Build.0 = Debug|Any CPU
		{A95C30B6-1A20-4176-9039-5D614237D35C}.Release|Any CPU.ActiveCfg = Release|Any CPU
		{A95C30B6-1A20-4176-9039-5D614237D35C}.Release|Any CPU.Build.0 = Release|Any CPU
	EndGlobalSection
	GlobalSection(SolutionProperties) = preSolution
		HideSolutionNode = FALSE
	EndGlobalSection
	GlobalSection(ExtensibilityGlobals) = postSolution
		SolutionGuid = {DEA85BF4-22F5-4870-8E2B-05E00756117B}
	EndGlobalSection
EndGlobal
